
Microsoft Visual Studio Solution File, Format Version 12.00
# Visual Studio 15
VisualStudioVersion = 15.0.27004.2002
MinimumVisualStudioVersion = 10.0.40219.1
Project("{FAE04EC0-301F-11D3-BF4B-00C04F79EFBC}") = "Laboratorio12-RC", "Laboratorio12-RC\Laboratorio12-RC.csproj", "{635C08EE-5DBD-429F-8D40-5FCA72EF5222}"
EndProject
Project("{FAE04EC0-301F-11D3-BF4B-00C04F79EFBC}") = "Modeloo", "Modeloo\Modeloo.csproj", "{4581FBD2-DF7E-46F2-9137-453766BD7C2E}"
EndProject
Global
	GlobalSection(SolutionConfigurationPlatforms) = preSolution
		Debug|Any CPU = Debug|Any CPU
		Release|Any CPU = Release|Any CPU
	EndGlobalSection
	GlobalSection(ProjectConfigurationPlatforms) = postSolution
		{635C08EE-5DBD-429F-8D40-5FCA72EF5222}.Debug|Any CPU.ActiveCfg = Debug|Any CPU
		{635C08EE-5DBD-429F-8D40-5FCA72EF5222}.Debug|Any CPU.Build.0 = Debug|Any CPU
		{635C08EE-5DBD-429F-8D40-5FCA72EF5222}.Release|Any CPU.ActiveCfg = Release|Any CPU
		{635C08EE-5DBD-429F-8D40-5FCA72EF5222}.Release|Any CPU.Build.0 = Release|Any CPU
		{4581FBD2-DF7E-46F2-9137-453766BD7C2E}.Debug|Any CPU.ActiveCfg = Debug|Any CPU
		{4581FBD2-DF7E-46F2-9137-453766BD7C2E}.Debug|Any CPU.Build.0 = Debug|Any CPU
		{4581FBD2-DF7E-46F2-9137-453766BD7C2E}.Release|Any CPU.ActiveCfg = Release|Any CPU
		{4581FBD2-DF7E-46F2-9137-453766BD7C2E}.Release|Any CPU.Build.0 = Release|Any CPU
	EndGlobalSection
	GlobalSection(SolutionProperties) = preSolution
		HideSolutionNode = FALSE
	EndGlobalSection
	GlobalSection(ExtensibilityGlobals) = postSolution
		SolutionGuid = {EFF07C1C-18B0-4CC0-AC0D-D79E5BDD1341}
	EndGlobalSection
EndGlobal
